
Microsoft Visual Studio Solution File, Format Version 12.00
# Visual Studio 15
VisualStudioVersion = 15.0.27130.2026
MinimumVisualStudioVersion = 10.0.40219.1
Project("{8BC9CEB8-8B4A-11D0-8D11-00A0C91BC942}") = "Graphs", "Graphs\Graphs.vcxproj", "{797BA2A4-AB7D-4544-8416-34FFC5911109}"
EndProject
Global
	GlobalSection(SolutionConfigurationPlatforms) = preSolution
		Debug|x64 = Debug|x64
		Debug|x86 = Debug|x86
		Release|x64 = Release|x64
		Release|x86 = Release|x86
	EndGlobalSection
	GlobalSection(ProjectConfigurationPlatforms) = postSolution
		{797BA2A4-AB7D-4544-8416-34FFC5911109}.Debug|x64.ActiveCfg = Debug|x64
		{797BA2A4-AB7D-4544-8416-34FFC5911109}.Debug|x64.Build.0 = Debug|x64
		{797BA2A4-AB7D-4544-8416-34FFC5911109}.Debug|x86.ActiveCfg = Debug|Win32
		{797BA2A4-AB7D-4544-8416-34FFC5911109}.Debug|x86.Build.0 = Debug|Win32
		{797BA2A4-AB7D-4544-8416-34FFC5911109}.Release|x64.ActiveCfg = Release|x64
		{797BA2A4-AB7D-4544-8416-34FFC5911109}.Release|x64.Build.0 = Release|x64
		{797BA2A4-AB7D-4544-8416-34FFC5911109}.Release|x86.ActiveCfg = Release|Win32
		{797BA2A4-AB7D-4544-8416-34FFC5911109}.Release|x86.Build.0 = Release|Win32
	EndGlobalSection
	GlobalSection(SolutionProperties) = preSolution
		HideSolutionNode = FALSE
	EndGlobalSection
	GlobalSection(ExtensibilityGlobals) = postSolution
		SolutionGuid = {BD8D827E-1EEE-45EA-9DA6-668AEC403F4C}
	EndGlobalSection
EndGlobal
